
Microsoft Visual Studio Solution File, Format Version 11.00
# Visual Basic Express 2010
Project("{F184B08F-C81C-45F6-A57F-5ABD9991F28F}") = "VideoPoker", "VideoPoker\VideoPoker.vbproj", "{9854B280-94C3-465F-B011-09673EA7853B}"
EndProject
Global
	GlobalSection(SolutionConfigurationPlatforms) = preSolution
		Debug|x86 = Debug|x86
		Release|x86 = Release|x86
	EndGlobalSection
	GlobalSection(ProjectConfigurationPlatforms) = postSolution
		{9854B280-94C3-465F-B011-09673EA7853B}.Debug|x86.ActiveCfg = Debug|x86
		{9854B280-94C3-465F-B011-09673EA7853B}.Debug|x86.Build.0 = Debug|x86
		{9854B280-94C3-465F-B011-09673EA7853B}.Release|x86.ActiveCfg = Release|x86
		{9854B280-94C3-465F-B011-09673EA7853B}.Release|x86.Build.0 = Release|x86
	EndGlobalSection
	GlobalSection(SolutionProperties) = preSolution
		HideSolutionNode = FALSE
	EndGlobalSection
EndGlobal
